
Microsoft Visual Studio Solution File, Format Version 12.00
# Visual Studio Version 17
VisualStudioVersion = 17.5.33627.172
MinimumVisualStudioVersion = 10.0.40219.1
Project("{FAE04EC0-301F-11D3-BF4B-00C04F79EFBC}") = "My_first_plagin", "My_first_plagin\My_first_plagin.csproj", "{4539CF0C-8D02-4C29-804C-45419B129663}"
EndProject
Global
	GlobalSection(SolutionConfigurationPlatforms) = preSolution
		Debug|Any CPU = Debug|Any CPU
		Release|Any CPU = Release|Any CPU
	EndGlobalSection
	GlobalSection(ProjectConfigurationPlatforms) = postSolution
		{4539CF0C-8D02-4C29-804C-45419B129663}.Debug|Any CPU.ActiveCfg = Debug|Any CPU
		{4539CF0C-8D02-4C29-804C-45419B129663}.Debug|Any CPU.Build.0 = Debug|Any CPU
		{4539CF0C-8D02-4C29-804C-45419B129663}.Release|Any CPU.ActiveCfg = Release|Any CPU
		{4539CF0C-8D02-4C29-804C-45419B129663}.Release|Any CPU.Build.0 = Release|Any CPU
	EndGlobalSection
	GlobalSection(SolutionProperties) = preSolution
		HideSolutionNode = FALSE
	EndGlobalSection
	GlobalSection(ExtensibilityGlobals) = postSolution
		SolutionGuid = {94A28B18-8074-444C-8F18-1F9C379AAFF4}
	EndGlobalSection
EndGlobal
